
Microsoft Visual Studio Solution File, Format Version 12.00
# Visual Studio Version 17
VisualStudioVersion = 17.14.36616.10 d17.14
MinimumVisualStudioVersion = 10.0.40219.1
Project("{FAE04EC0-301F-11D3-BF4B-00C04F79EFBC}") = "2210900059_PhamTheQuyen_Lab03", "2210900059_PhamTheQuyen_Lab03.csproj", "{2955D9FF-72B8-439E-9458-E995AADE8A41}"
EndProject
Project("{FAE04EC0-301F-11D3-BF4B-00C04F79EFBC}") = "day02model", "..\day02model\day02model.csproj", "{AC12D680-B2E9-441A-89C5-18472209417C}"
EndProject
Global
	GlobalSection(SolutionConfigurationPlatforms) = preSolution
		Debug|Any CPU = Debug|Any CPU
		Release|Any CPU = Release|Any CPU
	EndGlobalSection
	GlobalSection(ProjectConfigurationPlatforms) = postSolution
		{2955D9FF-72B8-439E-9458-E995AADE8A41}.Debug|Any CPU.ActiveCfg = Debug|Any CPU
		{2955D9FF-72B8-439E-9458-E995AADE8A41}.Debug|Any CPU.Build.0 = Debug|Any CPU
		{2955D9FF-72B8-439E-9458-E995AADE8A41}.Release|Any CPU.ActiveCfg = Release|Any CPU
		{2955D9FF-72B8-439E-9458-E995AADE8A41}.Release|Any CPU.Build.0 = Release|Any CPU
		{AC12D680-B2E9-441A-89C5-18472209417C}.Debug|Any CPU.ActiveCfg = Debug|Any CPU
		{AC12D680-B2E9-441A-89C5-18472209417C}.Debug|Any CPU.Build.0 = Debug|Any CPU
		{AC12D680-B2E9-441A-89C5-18472209417C}.Release|Any CPU.ActiveCfg = Release|Any CPU
		{AC12D680-B2E9-441A-89C5-18472209417C}.Release|Any CPU.Build.0 = Release|Any CPU
	EndGlobalSection
	GlobalSection(SolutionProperties) = preSolution
		HideSolutionNode = FALSE
	EndGlobalSection
	GlobalSection(ExtensibilityGlobals) = postSolution
		SolutionGuid = {DE0AB2BF-8092-4F59-85AA-3B99A793267C}
	EndGlobalSection
EndGlobal
