
Microsoft Visual Studio Solution File, Format Version 12.00
# Visual Studio Version 17
VisualStudioVersion = 17.14.36616.10 d17.14
MinimumVisualStudioVersion = 10.0.40219.1
Project("{FAE04EC0-301F-11D3-BF4B-00C04F79EFBC}") = "221090005_PhamTheQuyen_DATN", "221090005_PhamTheQuyen_DATN.csproj", "{15CCC607-56D8-4BCD-9B01-E62A6C03B172}"
EndProject
Global
	GlobalSection(SolutionConfigurationPlatforms) = preSolution
		Debug|Any CPU = Debug|Any CPU
		Release|Any CPU = Release|Any CPU
	EndGlobalSection
	GlobalSection(ProjectConfigurationPlatforms) = postSolution
		{15CCC607-56D8-4BCD-9B01-E62A6C03B172}.Debug|Any CPU.ActiveCfg = Debug|Any CPU
		{15CCC607-56D8-4BCD-9B01-E62A6C03B172}.Debug|Any CPU.Build.0 = Debug|Any CPU
		{15CCC607-56D8-4BCD-9B01-E62A6C03B172}.Release|Any CPU.ActiveCfg = Release|Any CPU
		{15CCC607-56D8-4BCD-9B01-E62A6C03B172}.Release|Any CPU.Build.0 = Release|Any CPU
	EndGlobalSection
	GlobalSection(SolutionProperties) = preSolution
		HideSolutionNode = FALSE
	EndGlobalSection
	GlobalSection(ExtensibilityGlobals) = postSolution
		SolutionGuid = {9A3DEFC0-99A2-4C0E-8685-203EE0AF33B7}
	EndGlobalSection
EndGlobal
